
Microsoft Visual Studio Solution File, Format Version 12.00
# Visual Studio 15
VisualStudioVersion = 15.0.28010.2046
MinimumVisualStudioVersion = 10.0.40219.1
Project("{FAE04EC0-301F-11D3-BF4B-00C04F79EFBC}") = "FileSplitAndCombine", "FileSplitAndCombine\FileSplitAndCombine.csproj", "{AF9E58D0-8087-495F-B279-90C5012FA55D}"
EndProject
Global
	GlobalSection(SolutionConfigurationPlatforms) = preSolution
		Debug|Any CPU = Debug|Any CPU
		Release|Any CPU = Release|Any CPU
	EndGlobalSection
	GlobalSection(ProjectConfigurationPlatforms) = postSolution
		{AF9E58D0-8087-495F-B279-90C5012FA55D}.Debug|Any CPU.ActiveCfg = Debug|Any CPU
		{AF9E58D0-8087-495F-B279-90C5012FA55D}.Debug|Any CPU.Build.0 = Debug|Any CPU
		{AF9E58D0-8087-495F-B279-90C5012FA55D}.Release|Any CPU.ActiveCfg = Release|Any CPU
		{AF9E58D0-8087-495F-B279-90C5012FA55D}.Release|Any CPU.Build.0 = Release|Any CPU
	EndGlobalSection
	GlobalSection(SolutionProperties) = preSolution
		HideSolutionNode = FALSE
	EndGlobalSection
	GlobalSection(ExtensibilityGlobals) = postSolution
		SolutionGuid = {0BB5E7AE-C587-47F5-830A-7F02874D9737}
	EndGlobalSection
EndGlobal
